<?xml version="1.0" encoding="utf-8"?>
<Project ToolsVersion="4.0" xmlns="http://schemas.microsoft.com/developer/msbuild/2003">
  <ItemGroup>
    <ClCompile Include="..\src\invest_openapi_models\client\BrokerAccountType.cpp">
      <Filter>invest_openapi</Filter>
    </ClCompile>
    <ClCompile Include="..\src\invest_openapi_models\client\Candle.cpp">
      <Filter>invest_openapi</Filter>
    </ClCompile>
    <ClCompile Include="..\src\invest_openapi_models\client\CandleResolution.cpp">
      <Filter>invest_openapi</Filter>
    </ClCompile>
    <ClCompile Include="..\src\invest_openapi_models\client\Candles.cpp">
      <Filter>invest_openapi</Filter>
    </ClCompile>
    <ClCompile Include="..\src\invest_openapi_models\client\CandlesResponse.cpp">
      <Filter>invest_openapi</Filter>
    </ClCompile>
    <ClCompile Include="..\src\invest_openapi_models\client\Currencies.cpp">
      <Filter>invest_openapi</Filter>
    </ClCompile>
    <ClCompile Include="..\src\invest_openapi_models\client\Currency.cpp">
      <Filter>invest_openapi</Filter>
    </ClCompile>
    <ClCompile Include="..\src\invest_openapi_models\client\CurrencyPosition.cpp">
      <Filter>invest_openapi</Filter>
    </ClCompile>
    <ClCompile Include="..\src\invest_openapi_models\client\Empty.cpp">
      <Filter>invest_openapi</Filter>
    </ClCompile>
    <ClCompile Include="..\src\invest_openapi_models\client\Error.cpp">
      <Filter>invest_openapi</Filter>
    </ClCompile>
    <ClCompile Include="..\src\invest_openapi_models\client\Error_payload.cpp">
      <Filter>invest_openapi</Filter>
    </ClCompile>
    <ClCompile Include="..\src\invest_openapi_models\client\Helpers.cpp">
      <Filter>invest_openapi</Filter>
    </ClCompile>
    <ClCompile Include="..\src\invest_openapi_models\client\HttpFileElement.cpp">
      <Filter>invest_openapi</Filter>
    </ClCompile>
    <ClCompile Include="..\src\invest_openapi_models\client\HttpRequest.cpp">
      <Filter>invest_openapi</Filter>
    </ClCompile>
    <ClCompile Include="..\src\invest_openapi_models\client\InstrumentType.cpp">
      <Filter>invest_openapi</Filter>
    </ClCompile>
    <ClCompile Include="..\src\invest_openapi_models\client\LimitOrderRequest.cpp">
      <Filter>invest_openapi</Filter>
    </ClCompile>
    <ClCompile Include="..\src\invest_openapi_models\client\LimitOrderResponse.cpp">
      <Filter>invest_openapi</Filter>
    </ClCompile>
    <ClCompile Include="..\src\invest_openapi_models\client\MarketApi.cpp">
      <Filter>invest_openapi</Filter>
    </ClCompile>
    <ClCompile Include="..\src\invest_openapi_models\client\MarketInstrument.cpp">
      <Filter>invest_openapi</Filter>
    </ClCompile>
    <ClCompile Include="..\src\invest_openapi_models\client\MarketInstrumentList.cpp">
      <Filter>invest_openapi</Filter>
    </ClCompile>
    <ClCompile Include="..\src\invest_openapi_models\client\MarketInstrumentListResponse.cpp">
      <Filter>invest_openapi</Filter>
    </ClCompile>
    <ClCompile Include="..\src\invest_openapi_models\client\MarketInstrumentResponse.cpp">
      <Filter>invest_openapi</Filter>
    </ClCompile>
    <ClCompile Include="..\src\invest_openapi_models\client\MarketOrderRequest.cpp">
      <Filter>invest_openapi</Filter>
    </ClCompile>
    <ClCompile Include="..\src\invest_openapi_models\client\MarketOrderResponse.cpp">
      <Filter>invest_openapi</Filter>
    </ClCompile>
    <ClCompile Include="..\src\invest_openapi_models\client\MoneyAmount.cpp">
      <Filter>invest_openapi</Filter>
    </ClCompile>
    <ClCompile Include="..\src\invest_openapi_models\client\Operation.cpp">
      <Filter>invest_openapi</Filter>
    </ClCompile>
    <ClCompile Include="..\src\invest_openapi_models\client\Operations.cpp">
      <Filter>invest_openapi</Filter>
    </ClCompile>
    <ClCompile Include="..\src\invest_openapi_models\client\OperationsApi.cpp">
      <Filter>invest_openapi</Filter>
    </ClCompile>
    <ClCompile Include="..\src\invest_openapi_models\client\OperationsResponse.cpp">
      <Filter>invest_openapi</Filter>
    </ClCompile>
    <ClCompile Include="..\src\invest_openapi_models\client\OperationStatus.cpp">
      <Filter>invest_openapi</Filter>
    </ClCompile>
    <ClCompile Include="..\src\invest_openapi_models\client\OperationTrade.cpp">
      <Filter>invest_openapi</Filter>
    </ClCompile>
    <ClCompile Include="..\src\invest_openapi_models\client\OperationType.cpp">
      <Filter>invest_openapi</Filter>
    </ClCompile>
    <ClCompile Include="..\src\invest_openapi_models\client\OperationTypeWithCommission.cpp">
      <Filter>invest_openapi</Filter>
    </ClCompile>
    <ClCompile Include="..\src\invest_openapi_models\client\Order.cpp">
      <Filter>invest_openapi</Filter>
    </ClCompile>
    <ClCompile Include="..\src\invest_openapi_models\client\Orderbook.cpp">
      <Filter>invest_openapi</Filter>
    </ClCompile>
    <ClCompile Include="..\src\invest_openapi_models\client\OrderbookResponse.cpp">
      <Filter>invest_openapi</Filter>
    </ClCompile>
    <ClCompile Include="..\src\invest_openapi_models\client\OrderResponse.cpp">
      <Filter>invest_openapi</Filter>
    </ClCompile>
    <ClCompile Include="..\src\invest_openapi_models\client\OrdersApi.cpp">
      <Filter>invest_openapi</Filter>
    </ClCompile>
    <ClCompile Include="..\src\invest_openapi_models\client\OrdersResponse.cpp">
      <Filter>invest_openapi</Filter>
    </ClCompile>
    <ClCompile Include="..\src\invest_openapi_models\client\OrderStatus.cpp">
      <Filter>invest_openapi</Filter>
    </ClCompile>
    <ClCompile Include="..\src\invest_openapi_models\client\OrderType.cpp">
      <Filter>invest_openapi</Filter>
    </ClCompile>
    <ClCompile Include="..\src\invest_openapi_models\client\PlacedLimitOrder.cpp">
      <Filter>invest_openapi</Filter>
    </ClCompile>
    <ClCompile Include="..\src\invest_openapi_models\client\PlacedMarketOrder.cpp">
      <Filter>invest_openapi</Filter>
    </ClCompile>
    <ClCompile Include="..\src\invest_openapi_models\client\Portfolio.cpp">
      <Filter>invest_openapi</Filter>
    </ClCompile>
    <ClCompile Include="..\src\invest_openapi_models\client\PortfolioApi.cpp">
      <Filter>invest_openapi</Filter>
    </ClCompile>
    <ClCompile Include="..\src\invest_openapi_models\client\PortfolioCurrenciesResponse.cpp">
      <Filter>invest_openapi</Filter>
    </ClCompile>
    <ClCompile Include="..\src\invest_openapi_models\client\PortfolioPosition.cpp">
      <Filter>invest_openapi</Filter>
    </ClCompile>
    <ClCompile Include="..\src\invest_openapi_models\client\PortfolioResponse.cpp">
      <Filter>invest_openapi</Filter>
    </ClCompile>
    <ClCompile Include="..\src\invest_openapi_models\client\SandboxAccount.cpp">
      <Filter>invest_openapi</Filter>
    </ClCompile>
    <ClCompile Include="..\src\invest_openapi_models\client\SandboxApi.cpp">
      <Filter>invest_openapi</Filter>
    </ClCompile>
    <ClCompile Include="..\src\invest_openapi_models\client\SandboxCurrency.cpp">
      <Filter>invest_openapi</Filter>
    </ClCompile>
    <ClCompile Include="..\src\invest_openapi_models\client\SandboxRegisterRequest.cpp">
      <Filter>invest_openapi</Filter>
    </ClCompile>
    <ClCompile Include="..\src\invest_openapi_models\client\SandboxRegisterResponse.cpp">
      <Filter>invest_openapi</Filter>
    </ClCompile>
    <ClCompile Include="..\src\invest_openapi_models\client\SandboxSetCurrencyBalanceRequest.cpp">
      <Filter>invest_openapi</Filter>
    </ClCompile>
    <ClCompile Include="..\src\invest_openapi_models\client\SandboxSetPositionBalanceRequest.cpp">
      <Filter>invest_openapi</Filter>
    </ClCompile>
    <ClCompile Include="..\src\invest_openapi_models\client\SearchMarketInstrument.cpp">
      <Filter>invest_openapi</Filter>
    </ClCompile>
    <ClCompile Include="..\src\invest_openapi_models\client\SearchMarketInstrumentResponse.cpp">
      <Filter>invest_openapi</Filter>
    </ClCompile>
    <ClCompile Include="..\src\invest_openapi_models\client\TradeStatus.cpp">
      <Filter>invest_openapi</Filter>
    </ClCompile>
    <ClCompile Include="..\src\invest_openapi_models\client\UserAccount.cpp">
      <Filter>invest_openapi</Filter>
    </ClCompile>
    <ClCompile Include="..\src\invest_openapi_models\client\UserAccounts.cpp">
      <Filter>invest_openapi</Filter>
    </ClCompile>
    <ClCompile Include="..\src\invest_openapi_models\client\UserAccountsResponse.cpp">
      <Filter>invest_openapi</Filter>
    </ClCompile>
    <ClCompile Include="..\src\invest_openapi_models\client\UserApi.cpp">
      <Filter>invest_openapi</Filter>
    </ClCompile>
  </ItemGroup>
  <ItemGroup>
    <Filter Include="invest_openapi">
      <UniqueIdentifier>{0205fcc6-249a-4919-9235-c2c44af320db}</UniqueIdentifier>
    </Filter>
    <Filter Include="invest_openapi_h">
      <UniqueIdentifier>{6b2bfa45-5bf0-48ff-ab12-697eb00ad492}</UniqueIdentifier>
    </Filter>
  </ItemGroup>
  <ItemGroup>
    <QtMoc Include="..\src\invest_openapi_models\client\HttpRequest.h">
      <Filter>invest_openapi_h</Filter>
    </QtMoc>
    <QtMoc Include="..\src\invest_openapi_models\client\MarketApi.h">
      <Filter>invest_openapi_h</Filter>
    </QtMoc>
    <QtMoc Include="..\src\invest_openapi_models\client\OperationsApi.h">
      <Filter>invest_openapi_h</Filter>
    </QtMoc>
    <QtMoc Include="..\src\invest_openapi_models\client\OrdersApi.h">
      <Filter>invest_openapi_h</Filter>
    </QtMoc>
    <QtMoc Include="..\src\invest_openapi_models\client\PortfolioApi.h">
      <Filter>invest_openapi_h</Filter>
    </QtMoc>
    <QtMoc Include="..\src\invest_openapi_models\client\SandboxApi.h">
      <Filter>invest_openapi_h</Filter>
    </QtMoc>
    <QtMoc Include="..\src\invest_openapi_models\client\UserApi.h">
      <Filter>invest_openapi_h</Filter>
    </QtMoc>
    <QtMoc Include="..\src\invest_openapi_models\client\CandlesResponse.h">
      <Filter>invest_openapi_h</Filter>
    </QtMoc>
    <QtMoc Include="..\src\invest_openapi_models\client\Currencies.h">
      <Filter>invest_openapi_h</Filter>
    </QtMoc>
    <QtMoc Include="..\src\invest_openapi_models\client\Currency.h">
      <Filter>invest_openapi_h</Filter>
    </QtMoc>
    <QtMoc Include="..\src\invest_openapi_models\client\CurrencyPosition.h">
      <Filter>invest_openapi_h</Filter>
    </QtMoc>
    <QtMoc Include="..\src\invest_openapi_models\client\PortfolioResponse.h">
      <Filter>invest_openapi_h</Filter>
    </QtMoc>
    <QtMoc Include="..\src\invest_openapi_models\client\BrokerAccountType.h">
      <Filter>invest_openapi_h</Filter>
    </QtMoc>
    <QtMoc Include="..\src\invest_openapi_models\client\Candle.h">
      <Filter>invest_openapi_h</Filter>
    </QtMoc>
    <QtMoc Include="..\src\invest_openapi_models\client\CandleResolution.h">
      <Filter>invest_openapi_h</Filter>
    </QtMoc>
    <QtMoc Include="..\src\invest_openapi_models\client\Candles.h">
      <Filter>invest_openapi_h</Filter>
    </QtMoc>
    <QtMoc Include="..\src\invest_openapi_models\client\Empty.h">
      <Filter>invest_openapi_h</Filter>
    </QtMoc>
    <QtMoc Include="..\src\invest_openapi_models\client\Enum.h">
      <Filter>invest_openapi_h</Filter>
    </QtMoc>
    <QtMoc Include="..\src\invest_openapi_models\client\Error.h">
      <Filter>invest_openapi_h</Filter>
    </QtMoc>
    <QtMoc Include="..\src\invest_openapi_models\client\Error_payload.h">
      <Filter>invest_openapi_h</Filter>
    </QtMoc>
    <QtMoc Include="..\src\invest_openapi_models\client\Helpers.h">
      <Filter>invest_openapi_h</Filter>
    </QtMoc>
    <QtMoc Include="..\src\invest_openapi_models\client\HttpFileElement.h">
      <Filter>invest_openapi_h</Filter>
    </QtMoc>
    <QtMoc Include="..\src\invest_openapi_models\client\InstrumentType.h">
      <Filter>invest_openapi_h</Filter>
    </QtMoc>
    <QtMoc Include="..\src\invest_openapi_models\client\LimitOrderRequest.h">
      <Filter>invest_openapi_h</Filter>
    </QtMoc>
    <QtMoc Include="..\src\invest_openapi_models\client\LimitOrderResponse.h">
      <Filter>invest_openapi_h</Filter>
    </QtMoc>
    <QtMoc Include="..\src\invest_openapi_models\client\MarketInstrument.h">
      <Filter>invest_openapi_h</Filter>
    </QtMoc>
    <QtMoc Include="..\src\invest_openapi_models\client\MarketInstrumentList.h">
      <Filter>invest_openapi_h</Filter>
    </QtMoc>
    <QtMoc Include="..\src\invest_openapi_models\client\MarketInstrumentListResponse.h">
      <Filter>invest_openapi_h</Filter>
    </QtMoc>
    <QtMoc Include="..\src\invest_openapi_models\client\MarketInstrumentResponse.h">
      <Filter>invest_openapi_h</Filter>
    </QtMoc>
    <QtMoc Include="..\src\invest_openapi_models\client\MarketOrderRequest.h">
      <Filter>invest_openapi_h</Filter>
    </QtMoc>
    <QtMoc Include="..\src\invest_openapi_models\client\MarketOrderResponse.h">
      <Filter>invest_openapi_h</Filter>
    </QtMoc>
    <QtMoc Include="..\src\invest_openapi_models\client\MoneyAmount.h">
      <Filter>invest_openapi_h</Filter>
    </QtMoc>
    <QtMoc Include="..\src\invest_openapi_models\client\Object.h">
      <Filter>invest_openapi_h</Filter>
    </QtMoc>
    <QtMoc Include="..\src\invest_openapi_models\client\Operation.h">
      <Filter>invest_openapi_h</Filter>
    </QtMoc>
    <QtMoc Include="..\src\invest_openapi_models\client\Operations.h">
      <Filter>invest_openapi_h</Filter>
    </QtMoc>
    <QtMoc Include="..\src\invest_openapi_models\client\OperationsResponse.h">
      <Filter>invest_openapi_h</Filter>
    </QtMoc>
    <QtMoc Include="..\src\invest_openapi_models\client\OperationStatus.h">
      <Filter>invest_openapi_h</Filter>
    </QtMoc>
    <QtMoc Include="..\src\invest_openapi_models\client\OperationTrade.h">
      <Filter>invest_openapi_h</Filter>
    </QtMoc>
    <QtMoc Include="..\src\invest_openapi_models\client\OperationType.h">
      <Filter>invest_openapi_h</Filter>
    </QtMoc>
    <QtMoc Include="..\src\invest_openapi_models\client\OperationTypeWithCommission.h">
      <Filter>invest_openapi_h</Filter>
    </QtMoc>
    <QtMoc Include="..\src\invest_openapi_models\client\Order.h">
      <Filter>invest_openapi_h</Filter>
    </QtMoc>
    <QtMoc Include="..\src\invest_openapi_models\client\Orderbook.h">
      <Filter>invest_openapi_h</Filter>
    </QtMoc>
    <QtMoc Include="..\src\invest_openapi_models\client\OrderbookResponse.h">
      <Filter>invest_openapi_h</Filter>
    </QtMoc>
    <QtMoc Include="..\src\invest_openapi_models\client\OrderResponse.h">
      <Filter>invest_openapi_h</Filter>
    </QtMoc>
    <QtMoc Include="..\src\invest_openapi_models\client\OrdersResponse.h">
      <Filter>invest_openapi_h</Filter>
    </QtMoc>
    <QtMoc Include="..\src\invest_openapi_models\client\OrderStatus.h">
      <Filter>invest_openapi_h</Filter>
    </QtMoc>
    <QtMoc Include="..\src\invest_openapi_models\client\OrderType.h">
      <Filter>invest_openapi_h</Filter>
    </QtMoc>
    <QtMoc Include="..\src\invest_openapi_models\client\PlacedLimitOrder.h">
      <Filter>invest_openapi_h</Filter>
    </QtMoc>
    <QtMoc Include="..\src\invest_openapi_models\client\PlacedMarketOrder.h">
      <Filter>invest_openapi_h</Filter>
    </QtMoc>
    <QtMoc Include="..\src\invest_openapi_models\client\Portfolio.h">
      <Filter>invest_openapi_h</Filter>
    </QtMoc>
    <QtMoc Include="..\src\invest_openapi_models\client\PortfolioCurrenciesResponse.h">
      <Filter>invest_openapi_h</Filter>
    </QtMoc>
    <QtMoc Include="..\src\invest_openapi_models\client\PortfolioPosition.h">
      <Filter>invest_openapi_h</Filter>
    </QtMoc>
    <QtMoc Include="..\src\invest_openapi_models\client\SandboxAccount.h">
      <Filter>invest_openapi_h</Filter>
    </QtMoc>
    <QtMoc Include="..\src\invest_openapi_models\client\SandboxCurrency.h">
      <Filter>invest_openapi_h</Filter>
    </QtMoc>
    <QtMoc Include="..\src\invest_openapi_models\client\SandboxRegisterRequest.h">
      <Filter>invest_openapi_h</Filter>
    </QtMoc>
    <QtMoc Include="..\src\invest_openapi_models\client\SandboxRegisterResponse.h">
      <Filter>invest_openapi_h</Filter>
    </QtMoc>
    <QtMoc Include="..\src\invest_openapi_models\client\SandboxSetCurrencyBalanceRequest.h">
      <Filter>invest_openapi_h</Filter>
    </QtMoc>
    <QtMoc Include="..\src\invest_openapi_models\client\SandboxSetPositionBalanceRequest.h">
      <Filter>invest_openapi_h</Filter>
    </QtMoc>
    <QtMoc Include="..\src\invest_openapi_models\client\SearchMarketInstrument.h">
      <Filter>invest_openapi_h</Filter>
    </QtMoc>
    <QtMoc Include="..\src\invest_openapi_models\client\SearchMarketInstrumentResponse.h">
      <Filter>invest_openapi_h</Filter>
    </QtMoc>
    <QtMoc Include="..\src\invest_openapi_models\client\TradeStatus.h">
      <Filter>invest_openapi_h</Filter>
    </QtMoc>
    <QtMoc Include="..\src\invest_openapi_models\client\UserAccount.h">
      <Filter>invest_openapi_h</Filter>
    </QtMoc>
    <QtMoc Include="..\src\invest_openapi_models\client\UserAccounts.h">
      <Filter>invest_openapi_h</Filter>
    </QtMoc>
    <QtMoc Include="..\src\invest_openapi_models\client\UserAccountsResponse.h">
      <Filter>invest_openapi_h</Filter>
    </QtMoc>
  </ItemGroup>
</Project>