
Microsoft Visual Studio Solution File, Format Version 12.00
# Visual Studio 15
VisualStudioVersion = 15.0.27428.2037
MinimumVisualStudioVersion = 10.0.40219.1
Project("{8BC9CEB8-8B4A-11D0-8D11-00A0C91BC942}") = "tkf_invest_oa", "vcxproj\tkf_invest_oa.vcxproj", "{2AB01889-DA6B-4353-BD39-067B25F3461B}"
EndProject
Project("{8BC9CEB8-8B4A-11D0-8D11-00A0C91BC942}") = "test001", "vcxproj\test001.vcxproj", "{7CA03583-0724-4FED-9A9E-6651F35E42A9}"
	ProjectSection(ProjectDependencies) = postProject
		{2AB01889-DA6B-4353-BD39-067B25F3461B} = {2AB01889-DA6B-4353-BD39-067B25F3461B}
	EndProjectSection
EndProject
Project("{8BC9CEB8-8B4A-11D0-8D11-00A0C91BC942}") = "test002", "vcxproj\test002.vcxproj", "{2052EC34-E4D3-484B-800D-AD5A1A6F6275}"
	ProjectSection(ProjectDependencies) = postProject
		{2AB01889-DA6B-4353-BD39-067B25F3461B} = {2AB01889-DA6B-4353-BD39-067B25F3461B}
	EndProjectSection
EndProject
Project("{8BC9CEB8-8B4A-11D0-8D11-00A0C91BC942}") = "test003", "vcxproj\test003.vcxproj", "{8C012FB9-6811-45CD-8C11-349D7472A859}"
	ProjectSection(ProjectDependencies) = postProject
		{2AB01889-DA6B-4353-BD39-067B25F3461B} = {2AB01889-DA6B-4353-BD39-067B25F3461B}
	EndProjectSection
EndProject
Project("{8BC9CEB8-8B4A-11D0-8D11-00A0C91BC942}") = "test004", "vcxproj\test004.vcxproj", "{CA37E342-5D2E-4377-AB46-BCF70D4D77FD}"
	ProjectSection(ProjectDependencies) = postProject
		{2AB01889-DA6B-4353-BD39-067B25F3461B} = {2AB01889-DA6B-4353-BD39-067B25F3461B}
	EndProjectSection
EndProject
Project("{8BC9CEB8-8B4A-11D0-8D11-00A0C91BC942}") = "test005", "vcxproj\test005.vcxproj", "{053D149B-6D1A-4627-A53C-9D182B684AC1}"
	ProjectSection(ProjectDependencies) = postProject
		{2AB01889-DA6B-4353-BD39-067B25F3461B} = {2AB01889-DA6B-4353-BD39-067B25F3461B}
	EndProjectSection
EndProject
Project("{8BC9CEB8-8B4A-11D0-8D11-00A0C91BC942}") = "test006", "vcxproj\test006.vcxproj", "{E4884A70-0850-4F1A-B46F-DE977E88C80C}"
	ProjectSection(ProjectDependencies) = postProject
		{2AB01889-DA6B-4353-BD39-067B25F3461B} = {2AB01889-DA6B-4353-BD39-067B25F3461B}
	EndProjectSection
EndProject
Project("{8BC9CEB8-8B4A-11D0-8D11-00A0C91BC942}") = "test007", "vcxproj\test007.vcxproj", "{370007AD-295A-4D48-BC1D-39E190C7EB92}"
	ProjectSection(ProjectDependencies) = postProject
		{2AB01889-DA6B-4353-BD39-067B25F3461B} = {2AB01889-DA6B-4353-BD39-067B25F3461B}
	EndProjectSection
EndProject
Project("{8BC9CEB8-8B4A-11D0-8D11-00A0C91BC942}") = "test008", "vcxproj\test008.vcxproj", "{1BB0340C-4070-4504-A361-8EFDB064AA4F}"
	ProjectSection(ProjectDependencies) = postProject
		{2AB01889-DA6B-4353-BD39-067B25F3461B} = {2AB01889-DA6B-4353-BD39-067B25F3461B}
	EndProjectSection
EndProject
Project("{8BC9CEB8-8B4A-11D0-8D11-00A0C91BC942}") = "test009", "vcxproj\test009.vcxproj", "{8C6FB822-535F-401D-87A7-79E48C6BFF01}"
	ProjectSection(ProjectDependencies) = postProject
		{2AB01889-DA6B-4353-BD39-067B25F3461B} = {2AB01889-DA6B-4353-BD39-067B25F3461B}
	EndProjectSection
EndProject
Project("{8BC9CEB8-8B4A-11D0-8D11-00A0C91BC942}") = "test010", "vcxproj\test010.vcxproj", "{D64B8784-1783-45B7-BE3E-91F351DD1A7A}"
EndProject
Project("{8BC9CEB8-8B4A-11D0-8D11-00A0C91BC942}") = "test011", "vcxproj\test011.vcxproj", "{2862D50D-8969-45E3-9305-74AF7022EBA7}"
	ProjectSection(ProjectDependencies) = postProject
		{2AB01889-DA6B-4353-BD39-067B25F3461B} = {2AB01889-DA6B-4353-BD39-067B25F3461B}
	EndProjectSection
EndProject
Project("{8BC9CEB8-8B4A-11D0-8D11-00A0C91BC942}") = "test012", "vcxproj\test012.vcxproj", "{9004AF5B-B372-4948-8FE8-B687523A4F4E}"
	ProjectSection(ProjectDependencies) = postProject
		{2AB01889-DA6B-4353-BD39-067B25F3461B} = {2AB01889-DA6B-4353-BD39-067B25F3461B}
	EndProjectSection
EndProject
Project("{8BC9CEB8-8B4A-11D0-8D11-00A0C91BC942}") = "md_gen", "vcxproj\md_gen.vcxproj", "{A64814D3-EFE7-41D6-BE24-795A2CF45AB8}"
EndProject
Project("{8BC9CEB8-8B4A-11D0-8D11-00A0C91BC942}") = "test013", "vcxproj\test013.vcxproj", "{7EFC1461-7D11-42F3-9BB1-C2F89B3C5BEA}"
EndProject
Project("{8BC9CEB8-8B4A-11D0-8D11-00A0C91BC942}") = "test014", "vcxproj\test014.vcxproj", "{F4EBFBFC-B8A2-47F8-98C8-B2F4F180844E}"
EndProject
Project("{8BC9CEB8-8B4A-11D0-8D11-00A0C91BC942}") = "test015", "vcxproj\test015.vcxproj", "{B20197BE-16A6-4A0E-A410-47BA649DBFB9}"
EndProject
Project("{8BC9CEB8-8B4A-11D0-8D11-00A0C91BC942}") = "_tkf_create_db", "vcxproj\_tkf_create_db.vcxproj", "{4EDA4FE9-A97D-4E2D-B06E-B5BFBAB7E2DC}"
	ProjectSection(ProjectDependencies) = postProject
		{2AB01889-DA6B-4353-BD39-067B25F3461B} = {2AB01889-DA6B-4353-BD39-067B25F3461B}
	EndProjectSection
EndProject
Project("{8BC9CEB8-8B4A-11D0-8D11-00A0C91BC942}") = "_tkf_update_instruments", "vcxproj\_tkf_update_instruments.vcxproj", "{6B0A9F80-DEEE-45A2-8431-15C7361F5A8B}"
	ProjectSection(ProjectDependencies) = postProject
		{2AB01889-DA6B-4353-BD39-067B25F3461B} = {2AB01889-DA6B-4353-BD39-067B25F3461B}
	EndProjectSection
EndProject
Project("{8BC9CEB8-8B4A-11D0-8D11-00A0C91BC942}") = "_tkf_sandbox_create", "vcxproj\_tkf_sandbox_create.vcxproj", "{09B292E5-B5C4-47B7-B093-F830B70E0B23}"
EndProject
Project("{8BC9CEB8-8B4A-11D0-8D11-00A0C91BC942}") = "_tkf_sandbox_remove", "vcxproj\_tkf_sandbox_remove.vcxproj", "{364AB316-3CA7-447E-8D9D-F3A0AD83A2A1}"
EndProject
Project("{8BC9CEB8-8B4A-11D0-8D11-00A0C91BC942}") = "_tkf_sandbox_add_positions", "vcxproj\_tkf_sandbox_add_positions.vcxproj", "{5D402347-C8AE-4F7C-959E-AAC9D1907E7F}"
EndProject
Project("{8BC9CEB8-8B4A-11D0-8D11-00A0C91BC942}") = "_tkf_sandbox_clear_positions", "vcxproj\_tkf_sandbox_clear_positions.vcxproj", "{A18CDAE4-68F8-4AD1-B3E3-B207F72E1C2B}"
EndProject
Project("{8BC9CEB8-8B4A-11D0-8D11-00A0C91BC942}") = "_tkf_portfolio", "vcxproj\_tkf_portfolio.vcxproj", "{EED0D55E-39BF-49E3-8F4B-A2EDE12C0DC2}"
EndProject
Project("{8BC9CEB8-8B4A-11D0-8D11-00A0C91BC942}") = "_tkf_portfolio_currencies", "vcxproj\_tkf_portfolio_currencies.vcxproj", "{10C03F8D-9AD0-423A-9B82-4DA04FF8ED28}"
EndProject
Project("{8BC9CEB8-8B4A-11D0-8D11-00A0C91BC942}") = "_tkf_user_accounts", "vcxproj\_tkf_user_accounts.vcxproj", "{54CE331F-5FD4-4A3B-8A0F-EDEBDA1DCF8B}"
EndProject
Project("{8BC9CEB8-8B4A-11D0-8D11-00A0C91BC942}") = "test016", "vcxproj\test016.vcxproj", "{FB6D5FD7-66B9-4E71-AD40-281BCCB466A5}"
EndProject
Project("{8BC9CEB8-8B4A-11D0-8D11-00A0C91BC942}") = "_tz_list", "vcxproj\_tz_list.vcxproj", "{31748532-CF3C-4708-BD2C-4BF594B38BB1}"
EndProject
Project("{8BC9CEB8-8B4A-11D0-8D11-00A0C91BC942}") = "test017", "vcxproj\test017.vcxproj", "{BA59BD87-E4F6-4924-9760-BE49D97FE5DE}"
EndProject
Project("{8BC9CEB8-8B4A-11D0-8D11-00A0C91BC942}") = "test018", "vcxproj\test018.vcxproj", "{4AB1EFC3-5B66-455C-BB77-97A3FD0E2941}"
	ProjectSection(ProjectDependencies) = postProject
		{2AB01889-DA6B-4353-BD39-067B25F3461B} = {2AB01889-DA6B-4353-BD39-067B25F3461B}
	EndProjectSection
EndProject
Project("{8BC9CEB8-8B4A-11D0-8D11-00A0C91BC942}") = "test019", "vcxproj\test019.vcxproj", "{D9C82B42-9209-4FC2-ABF0-437C3D4E2217}"
	ProjectSection(ProjectDependencies) = postProject
		{2AB01889-DA6B-4353-BD39-067B25F3461B} = {2AB01889-DA6B-4353-BD39-067B25F3461B}
	EndProjectSection
EndProject
Project("{8BC9CEB8-8B4A-11D0-8D11-00A0C91BC942}") = "_tkf_update_moex_listings", "vcxproj\_tkf_update_moex_listings.vcxproj", "{C7D225F2-8F5F-4BDB-9116-47B3C37F489D}"
	ProjectSection(ProjectDependencies) = postProject
		{2AB01889-DA6B-4353-BD39-067B25F3461B} = {2AB01889-DA6B-4353-BD39-067B25F3461B}
	EndProjectSection
EndProject
Project("{8BC9CEB8-8B4A-11D0-8D11-00A0C91BC942}") = "test020", "vcxproj\test020.vcxproj", "{DDAB8591-947A-45E3-BE98-17BF3166660D}"
EndProject
Project("{8BC9CEB8-8B4A-11D0-8D11-00A0C91BC942}") = "test021", "vcxproj\test021.vcxproj", "{BA366D20-FF79-40A4-A00E-0F448D478309}"
	ProjectSection(ProjectDependencies) = postProject
		{2AB01889-DA6B-4353-BD39-067B25F3461B} = {2AB01889-DA6B-4353-BD39-067B25F3461B}
	EndProjectSection
EndProject
Project("{8BC9CEB8-8B4A-11D0-8D11-00A0C91BC942}") = "test022", "vcxproj\test022.vcxproj", "{C4A1C36A-6588-442D-90B1-37A859A75D5D}"
	ProjectSection(ProjectDependencies) = postProject
		{2AB01889-DA6B-4353-BD39-067B25F3461B} = {2AB01889-DA6B-4353-BD39-067B25F3461B}
	EndProjectSection
EndProject
Project("{8BC9CEB8-8B4A-11D0-8D11-00A0C91BC942}") = "test023", "vcxproj\test023.vcxproj", "{4C228239-3C0A-4020-ABFA-6D2A2ED14700}"
	ProjectSection(ProjectDependencies) = postProject
		{2AB01889-DA6B-4353-BD39-067B25F3461B} = {2AB01889-DA6B-4353-BD39-067B25F3461B}
	EndProjectSection
EndProject
Project("{8BC9CEB8-8B4A-11D0-8D11-00A0C91BC942}") = "_tkf_historical_candles", "vcxproj\_tkf_historical_candles.vcxproj", "{4C4FD2E8-639B-487B-B709-0A11F19416F1}"
	ProjectSection(ProjectDependencies) = postProject
		{2AB01889-DA6B-4353-BD39-067B25F3461B} = {2AB01889-DA6B-4353-BD39-067B25F3461B}
	EndProjectSection
EndProject
Project("{8BC9CEB8-8B4A-11D0-8D11-00A0C91BC942}") = "test024", "vcxproj\test024.vcxproj", "{7CCC48C8-1D98-4966-A8A9-DC2686289E88}"
EndProject
Project("{8BC9CEB8-8B4A-11D0-8D11-00A0C91BC942}") = "test025", "vcxproj\test025.vcxproj", "{2FCAB9DD-1172-44CC-9945-9927BDDC16BB}"
EndProject
Project("{8BC9CEB8-8B4A-11D0-8D11-00A0C91BC942}") = "test026", "vcxproj\test026.vcxproj", "{FD160BBA-A092-4696-9B13-40B396204F72}"
	ProjectSection(ProjectDependencies) = postProject
		{2AB01889-DA6B-4353-BD39-067B25F3461B} = {2AB01889-DA6B-4353-BD39-067B25F3461B}
	EndProjectSection
EndProject
Project("{8BC9CEB8-8B4A-11D0-8D11-00A0C91BC942}") = "test027", "vcxproj\test027.vcxproj", "{888BD3A8-0B8C-4CDC-AE01-B76D9A73CFC3}"
	ProjectSection(ProjectDependencies) = postProject
		{2AB01889-DA6B-4353-BD39-067B25F3461B} = {2AB01889-DA6B-4353-BD39-067B25F3461B}
	EndProjectSection
EndProject
Project("{8BC9CEB8-8B4A-11D0-8D11-00A0C91BC942}") = "test028", "vcxproj\test028.vcxproj", "{8B7E14D0-55ED-4BD4-9F41-FFA89341DB06}"
	ProjectSection(ProjectDependencies) = postProject
		{2AB01889-DA6B-4353-BD39-067B25F3461B} = {2AB01889-DA6B-4353-BD39-067B25F3461B}
	EndProjectSection
EndProject
Project("{8BC9CEB8-8B4A-11D0-8D11-00A0C91BC942}") = "test029", "vcxproj\test029.vcxproj", "{F6520FE7-E74E-4CD6-B27D-A6F9CE18A5A0}"
	ProjectSection(ProjectDependencies) = postProject
		{2AB01889-DA6B-4353-BD39-067B25F3461B} = {2AB01889-DA6B-4353-BD39-067B25F3461B}
	EndProjectSection
EndProject
Project("{8BC9CEB8-8B4A-11D0-8D11-00A0C91BC942}") = "test030", "vcxproj\test030.vcxproj", "{7A422FF3-AEE9-4261-A1A4-ECA55C33CB8C}"
	ProjectSection(ProjectDependencies) = postProject
		{2AB01889-DA6B-4353-BD39-067B25F3461B} = {2AB01889-DA6B-4353-BD39-067B25F3461B}
	EndProjectSection
EndProject
Project("{8BC9CEB8-8B4A-11D0-8D11-00A0C91BC942}") = "test031", "vcxproj\test031.vcxproj", "{E9F72E2F-FEA4-4A33-A0BC-AFCFCA15375D}"
	ProjectSection(ProjectDependencies) = postProject
		{2AB01889-DA6B-4353-BD39-067B25F3461B} = {2AB01889-DA6B-4353-BD39-067B25F3461B}
	EndProjectSection
EndProject
Project("{8BC9CEB8-8B4A-11D0-8D11-00A0C91BC942}") = "test032", "vcxproj\test032.vcxproj", "{35478F4F-5FF5-4F93-9B37-DA406C78F5F7}"
EndProject
Project("{8BC9CEB8-8B4A-11D0-8D11-00A0C91BC942}") = "test033", "vcxproj\test033.vcxproj", "{50510E4A-133D-4B84-8183-2B5DB7BE2E97}"
EndProject
Project("{8BC9CEB8-8B4A-11D0-8D11-00A0C91BC942}") = "test034", "vcxproj\test034.vcxproj", "{0FB55A28-EA86-4B80-B91F-3037990093B3}"
EndProject
Global
	GlobalSection(SolutionConfigurationPlatforms) = preSolution
		Debug|x64 = Debug|x64
		Debug|x86 = Debug|x86
		Release|x64 = Release|x64
		Release|x86 = Release|x86
	EndGlobalSection
	GlobalSection(ProjectConfigurationPlatforms) = postSolution
		{2AB01889-DA6B-4353-BD39-067B25F3461B}.Debug|x64.ActiveCfg = Debug|x64
		{2AB01889-DA6B-4353-BD39-067B25F3461B}.Debug|x64.Build.0 = Debug|x64
		{2AB01889-DA6B-4353-BD39-067B25F3461B}.Debug|x86.ActiveCfg = Debug|Win32
		{2AB01889-DA6B-4353-BD39-067B25F3461B}.Debug|x86.Build.0 = Debug|Win32
		{2AB01889-DA6B-4353-BD39-067B25F3461B}.Release|x64.ActiveCfg = Release|x64
		{2AB01889-DA6B-4353-BD39-067B25F3461B}.Release|x64.Build.0 = Release|x64
		{2AB01889-DA6B-4353-BD39-067B25F3461B}.Release|x86.ActiveCfg = Release|Win32
		{2AB01889-DA6B-4353-BD39-067B25F3461B}.Release|x86.Build.0 = Release|Win32
		{7CA03583-0724-4FED-9A9E-6651F35E42A9}.Debug|x64.ActiveCfg = Debug|x64
		{7CA03583-0724-4FED-9A9E-6651F35E42A9}.Debug|x64.Build.0 = Debug|x64
		{7CA03583-0724-4FED-9A9E-6651F35E42A9}.Debug|x86.ActiveCfg = Debug|Win32
		{7CA03583-0724-4FED-9A9E-6651F35E42A9}.Debug|x86.Build.0 = Debug|Win32
		{7CA03583-0724-4FED-9A9E-6651F35E42A9}.Release|x64.ActiveCfg = Release|x64
		{7CA03583-0724-4FED-9A9E-6651F35E42A9}.Release|x64.Build.0 = Release|x64
		{7CA03583-0724-4FED-9A9E-6651F35E42A9}.Release|x86.ActiveCfg = Release|Win32
		{7CA03583-0724-4FED-9A9E-6651F35E42A9}.Release|x86.Build.0 = Release|Win32
		{2052EC34-E4D3-484B-800D-AD5A1A6F6275}.Debug|x64.ActiveCfg = Debug|x64
		{2052EC34-E4D3-484B-800D-AD5A1A6F6275}.Debug|x64.Build.0 = Debug|x64
		{2052EC34-E4D3-484B-800D-AD5A1A6F6275}.Debug|x86.ActiveCfg = Debug|Win32
		{2052EC34-E4D3-484B-800D-AD5A1A6F6275}.Debug|x86.Build.0 = Debug|Win32
		{2052EC34-E4D3-484B-800D-AD5A1A6F6275}.Release|x64.ActiveCfg = Release|x64
		{2052EC34-E4D3-484B-800D-AD5A1A6F6275}.Release|x64.Build.0 = Release|x64
		{2052EC34-E4D3-484B-800D-AD5A1A6F6275}.Release|x86.ActiveCfg = Release|Win32
		{2052EC34-E4D3-484B-800D-AD5A1A6F6275}.Release|x86.Build.0 = Release|Win32
		{8C012FB9-6811-45CD-8C11-349D7472A859}.Debug|x64.ActiveCfg = Debug|x64
		{8C012FB9-6811-45CD-8C11-349D7472A859}.Debug|x64.Build.0 = Debug|x64
		{8C012FB9-6811-45CD-8C11-349D7472A859}.Debug|x86.ActiveCfg = Debug|Win32
		{8C012FB9-6811-45CD-8C11-349D7472A859}.Debug|x86.Build.0 = Debug|Win32
		{8C012FB9-6811-45CD-8C11-349D7472A859}.Release|x64.ActiveCfg = Release|x64
		{8C012FB9-6811-45CD-8C11-349D7472A859}.Release|x64.Build.0 = Release|x64
		{8C012FB9-6811-45CD-8C11-349D7472A859}.Release|x86.ActiveCfg = Release|Win32
		{8C012FB9-6811-45CD-8C11-349D7472A859}.Release|x86.Build.0 = Release|Win32
		{CA37E342-5D2E-4377-AB46-BCF70D4D77FD}.Debug|x64.ActiveCfg = Debug|x64
		{CA37E342-5D2E-4377-AB46-BCF70D4D77FD}.Debug|x64.Build.0 = Debug|x64
		{CA37E342-5D2E-4377-AB46-BCF70D4D77FD}.Debug|x86.ActiveCfg = Debug|Win32
		{CA37E342-5D2E-4377-AB46-BCF70D4D77FD}.Debug|x86.Build.0 = Debug|Win32
		{CA37E342-5D2E-4377-AB46-BCF70D4D77FD}.Release|x64.ActiveCfg = Release|x64
		{CA37E342-5D2E-4377-AB46-BCF70D4D77FD}.Release|x64.Build.0 = Release|x64
		{CA37E342-5D2E-4377-AB46-BCF70D4D77FD}.Release|x86.ActiveCfg = Release|Win32
		{CA37E342-5D2E-4377-AB46-BCF70D4D77FD}.Release|x86.Build.0 = Release|Win32
		{053D149B-6D1A-4627-A53C-9D182B684AC1}.Debug|x64.ActiveCfg = Debug|x64
		{053D149B-6D1A-4627-A53C-9D182B684AC1}.Debug|x64.Build.0 = Debug|x64
		{053D149B-6D1A-4627-A53C-9D182B684AC1}.Debug|x86.ActiveCfg = Debug|Win32
		{053D149B-6D1A-4627-A53C-9D182B684AC1}.Debug|x86.Build.0 = Debug|Win32
		{053D149B-6D1A-4627-A53C-9D182B684AC1}.Release|x64.ActiveCfg = Release|x64
		{053D149B-6D1A-4627-A53C-9D182B684AC1}.Release|x64.Build.0 = Release|x64
		{053D149B-6D1A-4627-A53C-9D182B684AC1}.Release|x86.ActiveCfg = Release|Win32
		{053D149B-6D1A-4627-A53C-9D182B684AC1}.Release|x86.Build.0 = Release|Win32
		{E4884A70-0850-4F1A-B46F-DE977E88C80C}.Debug|x64.ActiveCfg = Debug|x64
		{E4884A70-0850-4F1A-B46F-DE977E88C80C}.Debug|x64.Build.0 = Debug|x64
		{E4884A70-0850-4F1A-B46F-DE977E88C80C}.Debug|x86.ActiveCfg = Debug|Win32
		{E4884A70-0850-4F1A-B46F-DE977E88C80C}.Debug|x86.Build.0 = Debug|Win32
		{E4884A70-0850-4F1A-B46F-DE977E88C80C}.Release|x64.ActiveCfg = Release|x64
		{E4884A70-0850-4F1A-B46F-DE977E88C80C}.Release|x64.Build.0 = Release|x64
		{E4884A70-0850-4F1A-B46F-DE977E88C80C}.Release|x86.ActiveCfg = Release|Win32
		{E4884A70-0850-4F1A-B46F-DE977E88C80C}.Release|x86.Build.0 = Release|Win32
		{370007AD-295A-4D48-BC1D-39E190C7EB92}.Debug|x64.ActiveCfg = Debug|x64
		{370007AD-295A-4D48-BC1D-39E190C7EB92}.Debug|x64.Build.0 = Debug|x64
		{370007AD-295A-4D48-BC1D-39E190C7EB92}.Debug|x86.ActiveCfg = Debug|Win32
		{370007AD-295A-4D48-BC1D-39E190C7EB92}.Debug|x86.Build.0 = Debug|Win32
		{370007AD-295A-4D48-BC1D-39E190C7EB92}.Release|x64.ActiveCfg = Release|x64
		{370007AD-295A-4D48-BC1D-39E190C7EB92}.Release|x64.Build.0 = Release|x64
		{370007AD-295A-4D48-BC1D-39E190C7EB92}.Release|x86.ActiveCfg = Release|Win32
		{370007AD-295A-4D48-BC1D-39E190C7EB92}.Release|x86.Build.0 = Release|Win32
		{1BB0340C-4070-4504-A361-8EFDB064AA4F}.Debug|x64.ActiveCfg = Debug|x64
		{1BB0340C-4070-4504-A361-8EFDB064AA4F}.Debug|x64.Build.0 = Debug|x64
		{1BB0340C-4070-4504-A361-8EFDB064AA4F}.Debug|x86.ActiveCfg = Debug|Win32
		{1BB0340C-4070-4504-A361-8EFDB064AA4F}.Debug|x86.Build.0 = Debug|Win32
		{1BB0340C-4070-4504-A361-8EFDB064AA4F}.Release|x64.ActiveCfg = Release|x64
		{1BB0340C-4070-4504-A361-8EFDB064AA4F}.Release|x64.Build.0 = Release|x64
		{1BB0340C-4070-4504-A361-8EFDB064AA4F}.Release|x86.ActiveCfg = Release|Win32
		{1BB0340C-4070-4504-A361-8EFDB064AA4F}.Release|x86.Build.0 = Release|Win32
		{8C6FB822-535F-401D-87A7-79E48C6BFF01}.Debug|x64.ActiveCfg = Debug|x64
		{8C6FB822-535F-401D-87A7-79E48C6BFF01}.Debug|x64.Build.0 = Debug|x64
		{8C6FB822-535F-401D-87A7-79E48C6BFF01}.Debug|x86.ActiveCfg = Debug|Win32
		{8C6FB822-535F-401D-87A7-79E48C6BFF01}.Debug|x86.Build.0 = Debug|Win32
		{8C6FB822-535F-401D-87A7-79E48C6BFF01}.Release|x64.ActiveCfg = Release|x64
		{8C6FB822-535F-401D-87A7-79E48C6BFF01}.Release|x64.Build.0 = Release|x64
		{8C6FB822-535F-401D-87A7-79E48C6BFF01}.Release|x86.ActiveCfg = Release|Win32
		{8C6FB822-535F-401D-87A7-79E48C6BFF01}.Release|x86.Build.0 = Release|Win32
		{D64B8784-1783-45B7-BE3E-91F351DD1A7A}.Debug|x64.ActiveCfg = Debug|x64
		{D64B8784-1783-45B7-BE3E-91F351DD1A7A}.Debug|x64.Build.0 = Debug|x64
		{D64B8784-1783-45B7-BE3E-91F351DD1A7A}.Debug|x86.ActiveCfg = Debug|Win32
		{D64B8784-1783-45B7-BE3E-91F351DD1A7A}.Debug|x86.Build.0 = Debug|Win32
		{D64B8784-1783-45B7-BE3E-91F351DD1A7A}.Release|x64.ActiveCfg = Release|x64
		{D64B8784-1783-45B7-BE3E-91F351DD1A7A}.Release|x64.Build.0 = Release|x64
		{D64B8784-1783-45B7-BE3E-91F351DD1A7A}.Release|x86.ActiveCfg = Release|Win32
		{D64B8784-1783-45B7-BE3E-91F351DD1A7A}.Release|x86.Build.0 = Release|Win32
		{2862D50D-8969-45E3-9305-74AF7022EBA7}.Debug|x64.ActiveCfg = Debug|x64
		{2862D50D-8969-45E3-9305-74AF7022EBA7}.Debug|x64.Build.0 = Debug|x64
		{2862D50D-8969-45E3-9305-74AF7022EBA7}.Debug|x86.ActiveCfg = Debug|Win32
		{2862D50D-8969-45E3-9305-74AF7022EBA7}.Debug|x86.Build.0 = Debug|Win32
		{2862D50D-8969-45E3-9305-74AF7022EBA7}.Release|x64.ActiveCfg = Release|x64
		{2862D50D-8969-45E3-9305-74AF7022EBA7}.Release|x64.Build.0 = Release|x64
		{2862D50D-8969-45E3-9305-74AF7022EBA7}.Release|x86.ActiveCfg = Release|Win32
		{2862D50D-8969-45E3-9305-74AF7022EBA7}.Release|x86.Build.0 = Release|Win32
		{9004AF5B-B372-4948-8FE8-B687523A4F4E}.Debug|x64.ActiveCfg = Debug|x64
		{9004AF5B-B372-4948-8FE8-B687523A4F4E}.Debug|x64.Build.0 = Debug|x64
		{9004AF5B-B372-4948-8FE8-B687523A4F4E}.Debug|x86.ActiveCfg = Debug|Win32
		{9004AF5B-B372-4948-8FE8-B687523A4F4E}.Debug|x86.Build.0 = Debug|Win32
		{9004AF5B-B372-4948-8FE8-B687523A4F4E}.Release|x64.ActiveCfg = Release|x64
		{9004AF5B-B372-4948-8FE8-B687523A4F4E}.Release|x64.Build.0 = Release|x64
		{9004AF5B-B372-4948-8FE8-B687523A4F4E}.Release|x86.ActiveCfg = Release|Win32
		{9004AF5B-B372-4948-8FE8-B687523A4F4E}.Release|x86.Build.0 = Release|Win32
		{A64814D3-EFE7-41D6-BE24-795A2CF45AB8}.Debug|x64.ActiveCfg = Debug|x64
		{A64814D3-EFE7-41D6-BE24-795A2CF45AB8}.Debug|x64.Build.0 = Debug|x64
		{A64814D3-EFE7-41D6-BE24-795A2CF45AB8}.Debug|x86.ActiveCfg = Debug|Win32
		{A64814D3-EFE7-41D6-BE24-795A2CF45AB8}.Debug|x86.Build.0 = Debug|Win32
		{A64814D3-EFE7-41D6-BE24-795A2CF45AB8}.Release|x64.ActiveCfg = Release|x64
		{A64814D3-EFE7-41D6-BE24-795A2CF45AB8}.Release|x64.Build.0 = Release|x64
		{A64814D3-EFE7-41D6-BE24-795A2CF45AB8}.Release|x86.ActiveCfg = Release|Win32
		{A64814D3-EFE7-41D6-BE24-795A2CF45AB8}.Release|x86.Build.0 = Release|Win32
		{7EFC1461-7D11-42F3-9BB1-C2F89B3C5BEA}.Debug|x64.ActiveCfg = Debug|x64
		{7EFC1461-7D11-42F3-9BB1-C2F89B3C5BEA}.Debug|x64.Build.0 = Debug|x64
		{7EFC1461-7D11-42F3-9BB1-C2F89B3C5BEA}.Debug|x86.ActiveCfg = Debug|Win32
		{7EFC1461-7D11-42F3-9BB1-C2F89B3C5BEA}.Debug|x86.Build.0 = Debug|Win32
		{7EFC1461-7D11-42F3-9BB1-C2F89B3C5BEA}.Release|x64.ActiveCfg = Release|x64
		{7EFC1461-7D11-42F3-9BB1-C2F89B3C5BEA}.Release|x64.Build.0 = Release|x64
		{7EFC1461-7D11-42F3-9BB1-C2F89B3C5BEA}.Release|x86.ActiveCfg = Release|Win32
		{7EFC1461-7D11-42F3-9BB1-C2F89B3C5BEA}.Release|x86.Build.0 = Release|Win32
		{F4EBFBFC-B8A2-47F8-98C8-B2F4F180844E}.Debug|x64.ActiveCfg = Debug|x64
		{F4EBFBFC-B8A2-47F8-98C8-B2F4F180844E}.Debug|x64.Build.0 = Debug|x64
		{F4EBFBFC-B8A2-47F8-98C8-B2F4F180844E}.Debug|x86.ActiveCfg = Debug|Win32
		{F4EBFBFC-B8A2-47F8-98C8-B2F4F180844E}.Debug|x86.Build.0 = Debug|Win32
		{F4EBFBFC-B8A2-47F8-98C8-B2F4F180844E}.Release|x64.ActiveCfg = Release|x64
		{F4EBFBFC-B8A2-47F8-98C8-B2F4F180844E}.Release|x64.Build.0 = Release|x64
		{F4EBFBFC-B8A2-47F8-98C8-B2F4F180844E}.Release|x86.ActiveCfg = Release|Win32
		{F4EBFBFC-B8A2-47F8-98C8-B2F4F180844E}.Release|x86.Build.0 = Release|Win32
		{B20197BE-16A6-4A0E-A410-47BA649DBFB9}.Debug|x64.ActiveCfg = Debug|x64
		{B20197BE-16A6-4A0E-A410-47BA649DBFB9}.Debug|x64.Build.0 = Debug|x64
		{B20197BE-16A6-4A0E-A410-47BA649DBFB9}.Debug|x86.ActiveCfg = Debug|Win32
		{B20197BE-16A6-4A0E-A410-47BA649DBFB9}.Debug|x86.Build.0 = Debug|Win32
		{B20197BE-16A6-4A0E-A410-47BA649DBFB9}.Release|x64.ActiveCfg = Release|x64
		{B20197BE-16A6-4A0E-A410-47BA649DBFB9}.Release|x64.Build.0 = Release|x64
		{B20197BE-16A6-4A0E-A410-47BA649DBFB9}.Release|x86.ActiveCfg = Release|Win32
		{B20197BE-16A6-4A0E-A410-47BA649DBFB9}.Release|x86.Build.0 = Release|Win32
		{4EDA4FE9-A97D-4E2D-B06E-B5BFBAB7E2DC}.Debug|x64.ActiveCfg = Debug|x64
		{4EDA4FE9-A97D-4E2D-B06E-B5BFBAB7E2DC}.Debug|x64.Build.0 = Debug|x64
		{4EDA4FE9-A97D-4E2D-B06E-B5BFBAB7E2DC}.Debug|x86.ActiveCfg = Debug|Win32
		{4EDA4FE9-A97D-4E2D-B06E-B5BFBAB7E2DC}.Debug|x86.Build.0 = Debug|Win32
		{4EDA4FE9-A97D-4E2D-B06E-B5BFBAB7E2DC}.Release|x64.ActiveCfg = Release|x64
		{4EDA4FE9-A97D-4E2D-B06E-B5BFBAB7E2DC}.Release|x64.Build.0 = Release|x64
		{4EDA4FE9-A97D-4E2D-B06E-B5BFBAB7E2DC}.Release|x86.ActiveCfg = Release|Win32
		{4EDA4FE9-A97D-4E2D-B06E-B5BFBAB7E2DC}.Release|x86.Build.0 = Release|Win32
		{6B0A9F80-DEEE-45A2-8431-15C7361F5A8B}.Debug|x64.ActiveCfg = Debug|x64
		{6B0A9F80-DEEE-45A2-8431-15C7361F5A8B}.Debug|x64.Build.0 = Debug|x64
		{6B0A9F80-DEEE-45A2-8431-15C7361F5A8B}.Debug|x86.ActiveCfg = Debug|Win32
		{6B0A9F80-DEEE-45A2-8431-15C7361F5A8B}.Debug|x86.Build.0 = Debug|Win32
		{6B0A9F80-DEEE-45A2-8431-15C7361F5A8B}.Release|x64.ActiveCfg = Release|x64
		{6B0A9F80-DEEE-45A2-8431-15C7361F5A8B}.Release|x64.Build.0 = Release|x64
		{6B0A9F80-DEEE-45A2-8431-15C7361F5A8B}.Release|x86.ActiveCfg = Release|Win32
		{6B0A9F80-DEEE-45A2-8431-15C7361F5A8B}.Release|x86.Build.0 = Release|Win32
		{09B292E5-B5C4-47B7-B093-F830B70E0B23}.Debug|x64.ActiveCfg = Debug|x64
		{09B292E5-B5C4-47B7-B093-F830B70E0B23}.Debug|x64.Build.0 = Debug|x64
		{09B292E5-B5C4-47B7-B093-F830B70E0B23}.Debug|x86.ActiveCfg = Debug|Win32
		{09B292E5-B5C4-47B7-B093-F830B70E0B23}.Debug|x86.Build.0 = Debug|Win32
		{09B292E5-B5C4-47B7-B093-F830B70E0B23}.Release|x64.ActiveCfg = Release|x64
		{09B292E5-B5C4-47B7-B093-F830B70E0B23}.Release|x64.Build.0 = Release|x64
		{09B292E5-B5C4-47B7-B093-F830B70E0B23}.Release|x86.ActiveCfg = Release|Win32
		{09B292E5-B5C4-47B7-B093-F830B70E0B23}.Release|x86.Build.0 = Release|Win32
		{364AB316-3CA7-447E-8D9D-F3A0AD83A2A1}.Debug|x64.ActiveCfg = Debug|x64
		{364AB316-3CA7-447E-8D9D-F3A0AD83A2A1}.Debug|x64.Build.0 = Debug|x64
		{364AB316-3CA7-447E-8D9D-F3A0AD83A2A1}.Debug|x86.ActiveCfg = Debug|Win32
		{364AB316-3CA7-447E-8D9D-F3A0AD83A2A1}.Debug|x86.Build.0 = Debug|Win32
		{364AB316-3CA7-447E-8D9D-F3A0AD83A2A1}.Release|x64.ActiveCfg = Release|x64
		{364AB316-3CA7-447E-8D9D-F3A0AD83A2A1}.Release|x64.Build.0 = Release|x64
		{364AB316-3CA7-447E-8D9D-F3A0AD83A2A1}.Release|x86.ActiveCfg = Release|Win32
		{364AB316-3CA7-447E-8D9D-F3A0AD83A2A1}.Release|x86.Build.0 = Release|Win32
		{5D402347-C8AE-4F7C-959E-AAC9D1907E7F}.Debug|x64.ActiveCfg = Debug|x64
		{5D402347-C8AE-4F7C-959E-AAC9D1907E7F}.Debug|x64.Build.0 = Debug|x64
		{5D402347-C8AE-4F7C-959E-AAC9D1907E7F}.Debug|x86.ActiveCfg = Debug|Win32
		{5D402347-C8AE-4F7C-959E-AAC9D1907E7F}.Debug|x86.Build.0 = Debug|Win32
		{5D402347-C8AE-4F7C-959E-AAC9D1907E7F}.Release|x64.ActiveCfg = Release|x64
		{5D402347-C8AE-4F7C-959E-AAC9D1907E7F}.Release|x64.Build.0 = Release|x64
		{5D402347-C8AE-4F7C-959E-AAC9D1907E7F}.Release|x86.ActiveCfg = Release|Win32
		{5D402347-C8AE-4F7C-959E-AAC9D1907E7F}.Release|x86.Build.0 = Release|Win32
		{A18CDAE4-68F8-4AD1-B3E3-B207F72E1C2B}.Debug|x64.ActiveCfg = Debug|x64
		{A18CDAE4-68F8-4AD1-B3E3-B207F72E1C2B}.Debug|x64.Build.0 = Debug|x64
		{A18CDAE4-68F8-4AD1-B3E3-B207F72E1C2B}.Debug|x86.ActiveCfg = Debug|Win32
		{A18CDAE4-68F8-4AD1-B3E3-B207F72E1C2B}.Debug|x86.Build.0 = Debug|Win32
		{A18CDAE4-68F8-4AD1-B3E3-B207F72E1C2B}.Release|x64.ActiveCfg = Release|x64
		{A18CDAE4-68F8-4AD1-B3E3-B207F72E1C2B}.Release|x64.Build.0 = Release|x64
		{A18CDAE4-68F8-4AD1-B3E3-B207F72E1C2B}.Release|x86.ActiveCfg = Release|Win32
		{A18CDAE4-68F8-4AD1-B3E3-B207F72E1C2B}.Release|x86.Build.0 = Release|Win32
		{EED0D55E-39BF-49E3-8F4B-A2EDE12C0DC2}.Debug|x64.ActiveCfg = Debug|x64
		{EED0D55E-39BF-49E3-8F4B-A2EDE12C0DC2}.Debug|x64.Build.0 = Debug|x64
		{EED0D55E-39BF-49E3-8F4B-A2EDE12C0DC2}.Debug|x86.ActiveCfg = Debug|Win32
		{EED0D55E-39BF-49E3-8F4B-A2EDE12C0DC2}.Debug|x86.Build.0 = Debug|Win32
		{EED0D55E-39BF-49E3-8F4B-A2EDE12C0DC2}.Release|x64.ActiveCfg = Release|x64
		{EED0D55E-39BF-49E3-8F4B-A2EDE12C0DC2}.Release|x64.Build.0 = Release|x64
		{EED0D55E-39BF-49E3-8F4B-A2EDE12C0DC2}.Release|x86.ActiveCfg = Release|Win32
		{EED0D55E-39BF-49E3-8F4B-A2EDE12C0DC2}.Release|x86.Build.0 = Release|Win32
		{10C03F8D-9AD0-423A-9B82-4DA04FF8ED28}.Debug|x64.ActiveCfg = Debug|x64
		{10C03F8D-9AD0-423A-9B82-4DA04FF8ED28}.Debug|x64.Build.0 = Debug|x64
		{10C03F8D-9AD0-423A-9B82-4DA04FF8ED28}.Debug|x86.ActiveCfg = Debug|Win32
		{10C03F8D-9AD0-423A-9B82-4DA04FF8ED28}.Debug|x86.Build.0 = Debug|Win32
		{10C03F8D-9AD0-423A-9B82-4DA04FF8ED28}.Release|x64.ActiveCfg = Release|x64
		{10C03F8D-9AD0-423A-9B82-4DA04FF8ED28}.Release|x64.Build.0 = Release|x64
		{10C03F8D-9AD0-423A-9B82-4DA04FF8ED28}.Release|x86.ActiveCfg = Release|Win32
		{10C03F8D-9AD0-423A-9B82-4DA04FF8ED28}.Release|x86.Build.0 = Release|Win32
		{54CE331F-5FD4-4A3B-8A0F-EDEBDA1DCF8B}.Debug|x64.ActiveCfg = Debug|x64
		{54CE331F-5FD4-4A3B-8A0F-EDEBDA1DCF8B}.Debug|x64.Build.0 = Debug|x64
		{54CE331F-5FD4-4A3B-8A0F-EDEBDA1DCF8B}.Debug|x86.ActiveCfg = Debug|Win32
		{54CE331F-5FD4-4A3B-8A0F-EDEBDA1DCF8B}.Debug|x86.Build.0 = Debug|Win32
		{54CE331F-5FD4-4A3B-8A0F-EDEBDA1DCF8B}.Release|x64.ActiveCfg = Release|x64
		{54CE331F-5FD4-4A3B-8A0F-EDEBDA1DCF8B}.Release|x64.Build.0 = Release|x64
		{54CE331F-5FD4-4A3B-8A0F-EDEBDA1DCF8B}.Release|x86.ActiveCfg = Release|Win32
		{54CE331F-5FD4-4A3B-8A0F-EDEBDA1DCF8B}.Release|x86.Build.0 = Release|Win32
		{FB6D5FD7-66B9-4E71-AD40-281BCCB466A5}.Debug|x64.ActiveCfg = Debug|x64
		{FB6D5FD7-66B9-4E71-AD40-281BCCB466A5}.Debug|x64.Build.0 = Debug|x64
		{FB6D5FD7-66B9-4E71-AD40-281BCCB466A5}.Debug|x86.ActiveCfg = Debug|Win32
		{FB6D5FD7-66B9-4E71-AD40-281BCCB466A5}.Debug|x86.Build.0 = Debug|Win32
		{FB6D5FD7-66B9-4E71-AD40-281BCCB466A5}.Release|x64.ActiveCfg = Release|x64
		{FB6D5FD7-66B9-4E71-AD40-281BCCB466A5}.Release|x64.Build.0 = Release|x64
		{FB6D5FD7-66B9-4E71-AD40-281BCCB466A5}.Release|x86.ActiveCfg = Release|Win32
		{FB6D5FD7-66B9-4E71-AD40-281BCCB466A5}.Release|x86.Build.0 = Release|Win32
		{31748532-CF3C-4708-BD2C-4BF594B38BB1}.Debug|x64.ActiveCfg = Debug|x64
		{31748532-CF3C-4708-BD2C-4BF594B38BB1}.Debug|x64.Build.0 = Debug|x64
		{31748532-CF3C-4708-BD2C-4BF594B38BB1}.Debug|x86.ActiveCfg = Debug|Win32
		{31748532-CF3C-4708-BD2C-4BF594B38BB1}.Debug|x86.Build.0 = Debug|Win32
		{31748532-CF3C-4708-BD2C-4BF594B38BB1}.Release|x64.ActiveCfg = Release|x64
		{31748532-CF3C-4708-BD2C-4BF594B38BB1}.Release|x64.Build.0 = Release|x64
		{31748532-CF3C-4708-BD2C-4BF594B38BB1}.Release|x86.ActiveCfg = Release|Win32
		{31748532-CF3C-4708-BD2C-4BF594B38BB1}.Release|x86.Build.0 = Release|Win32
		{BA59BD87-E4F6-4924-9760-BE49D97FE5DE}.Debug|x64.ActiveCfg = Debug|x64
		{BA59BD87-E4F6-4924-9760-BE49D97FE5DE}.Debug|x64.Build.0 = Debug|x64
		{BA59BD87-E4F6-4924-9760-BE49D97FE5DE}.Debug|x86.ActiveCfg = Debug|Win32
		{BA59BD87-E4F6-4924-9760-BE49D97FE5DE}.Debug|x86.Build.0 = Debug|Win32
		{BA59BD87-E4F6-4924-9760-BE49D97FE5DE}.Release|x64.ActiveCfg = Release|x64
		{BA59BD87-E4F6-4924-9760-BE49D97FE5DE}.Release|x64.Build.0 = Release|x64
		{BA59BD87-E4F6-4924-9760-BE49D97FE5DE}.Release|x86.ActiveCfg = Release|Win32
		{BA59BD87-E4F6-4924-9760-BE49D97FE5DE}.Release|x86.Build.0 = Release|Win32
		{4AB1EFC3-5B66-455C-BB77-97A3FD0E2941}.Debug|x64.ActiveCfg = Debug|x64
		{4AB1EFC3-5B66-455C-BB77-97A3FD0E2941}.Debug|x64.Build.0 = Debug|x64
		{4AB1EFC3-5B66-455C-BB77-97A3FD0E2941}.Debug|x86.ActiveCfg = Debug|Win32
		{4AB1EFC3-5B66-455C-BB77-97A3FD0E2941}.Debug|x86.Build.0 = Debug|Win32
		{4AB1EFC3-5B66-455C-BB77-97A3FD0E2941}.Release|x64.ActiveCfg = Release|x64
		{4AB1EFC3-5B66-455C-BB77-97A3FD0E2941}.Release|x64.Build.0 = Release|x64
		{4AB1EFC3-5B66-455C-BB77-97A3FD0E2941}.Release|x86.ActiveCfg = Release|Win32
		{4AB1EFC3-5B66-455C-BB77-97A3FD0E2941}.Release|x86.Build.0 = Release|Win32
		{D9C82B42-9209-4FC2-ABF0-437C3D4E2217}.Debug|x64.ActiveCfg = Debug|x64
		{D9C82B42-9209-4FC2-ABF0-437C3D4E2217}.Debug|x64.Build.0 = Debug|x64
		{D9C82B42-9209-4FC2-ABF0-437C3D4E2217}.Debug|x86.ActiveCfg = Debug|Win32
		{D9C82B42-9209-4FC2-ABF0-437C3D4E2217}.Debug|x86.Build.0 = Debug|Win32
		{D9C82B42-9209-4FC2-ABF0-437C3D4E2217}.Release|x64.ActiveCfg = Release|x64
		{D9C82B42-9209-4FC2-ABF0-437C3D4E2217}.Release|x64.Build.0 = Release|x64
		{D9C82B42-9209-4FC2-ABF0-437C3D4E2217}.Release|x86.ActiveCfg = Release|Win32
		{D9C82B42-9209-4FC2-ABF0-437C3D4E2217}.Release|x86.Build.0 = Release|Win32
		{C7D225F2-8F5F-4BDB-9116-47B3C37F489D}.Debug|x64.ActiveCfg = Debug|x64
		{C7D225F2-8F5F-4BDB-9116-47B3C37F489D}.Debug|x64.Build.0 = Debug|x64
		{C7D225F2-8F5F-4BDB-9116-47B3C37F489D}.Debug|x86.ActiveCfg = Debug|Win32
		{C7D225F2-8F5F-4BDB-9116-47B3C37F489D}.Debug|x86.Build.0 = Debug|Win32
		{C7D225F2-8F5F-4BDB-9116-47B3C37F489D}.Release|x64.ActiveCfg = Release|x64
		{C7D225F2-8F5F-4BDB-9116-47B3C37F489D}.Release|x64.Build.0 = Release|x64
		{C7D225F2-8F5F-4BDB-9116-47B3C37F489D}.Release|x86.ActiveCfg = Release|Win32
		{C7D225F2-8F5F-4BDB-9116-47B3C37F489D}.Release|x86.Build.0 = Release|Win32
		{DDAB8591-947A-45E3-BE98-17BF3166660D}.Debug|x64.ActiveCfg = Debug|x64
		{DDAB8591-947A-45E3-BE98-17BF3166660D}.Debug|x64.Build.0 = Debug|x64
		{DDAB8591-947A-45E3-BE98-17BF3166660D}.Debug|x86.ActiveCfg = Debug|Win32
		{DDAB8591-947A-45E3-BE98-17BF3166660D}.Debug|x86.Build.0 = Debug|Win32
		{DDAB8591-947A-45E3-BE98-17BF3166660D}.Release|x64.ActiveCfg = Release|x64
		{DDAB8591-947A-45E3-BE98-17BF3166660D}.Release|x64.Build.0 = Release|x64
		{DDAB8591-947A-45E3-BE98-17BF3166660D}.Release|x86.ActiveCfg = Release|Win32
		{DDAB8591-947A-45E3-BE98-17BF3166660D}.Release|x86.Build.0 = Release|Win32
		{BA366D20-FF79-40A4-A00E-0F448D478309}.Debug|x64.ActiveCfg = Debug|x64
		{BA366D20-FF79-40A4-A00E-0F448D478309}.Debug|x64.Build.0 = Debug|x64
		{BA366D20-FF79-40A4-A00E-0F448D478309}.Debug|x86.ActiveCfg = Debug|Win32
		{BA366D20-FF79-40A4-A00E-0F448D478309}.Debug|x86.Build.0 = Debug|Win32
		{BA366D20-FF79-40A4-A00E-0F448D478309}.Release|x64.ActiveCfg = Release|x64
		{BA366D20-FF79-40A4-A00E-0F448D478309}.Release|x64.Build.0 = Release|x64
		{BA366D20-FF79-40A4-A00E-0F448D478309}.Release|x86.ActiveCfg = Release|Win32
		{BA366D20-FF79-40A4-A00E-0F448D478309}.Release|x86.Build.0 = Release|Win32
		{C4A1C36A-6588-442D-90B1-37A859A75D5D}.Debug|x64.ActiveCfg = Debug|x64
		{C4A1C36A-6588-442D-90B1-37A859A75D5D}.Debug|x64.Build.0 = Debug|x64
		{C4A1C36A-6588-442D-90B1-37A859A75D5D}.Debug|x86.ActiveCfg = Debug|Win32
		{C4A1C36A-6588-442D-90B1-37A859A75D5D}.Debug|x86.Build.0 = Debug|Win32
		{C4A1C36A-6588-442D-90B1-37A859A75D5D}.Release|x64.ActiveCfg = Release|x64
		{C4A1C36A-6588-442D-90B1-37A859A75D5D}.Release|x64.Build.0 = Release|x64
		{C4A1C36A-6588-442D-90B1-37A859A75D5D}.Release|x86.ActiveCfg = Release|Win32
		{C4A1C36A-6588-442D-90B1-37A859A75D5D}.Release|x86.Build.0 = Release|Win32
		{4C228239-3C0A-4020-ABFA-6D2A2ED14700}.Debug|x64.ActiveCfg = Debug|x64
		{4C228239-3C0A-4020-ABFA-6D2A2ED14700}.Debug|x64.Build.0 = Debug|x64
		{4C228239-3C0A-4020-ABFA-6D2A2ED14700}.Debug|x86.ActiveCfg = Debug|Win32
		{4C228239-3C0A-4020-ABFA-6D2A2ED14700}.Debug|x86.Build.0 = Debug|Win32
		{4C228239-3C0A-4020-ABFA-6D2A2ED14700}.Release|x64.ActiveCfg = Release|x64
		{4C228239-3C0A-4020-ABFA-6D2A2ED14700}.Release|x64.Build.0 = Release|x64
		{4C228239-3C0A-4020-ABFA-6D2A2ED14700}.Release|x86.ActiveCfg = Release|Win32
		{4C228239-3C0A-4020-ABFA-6D2A2ED14700}.Release|x86.Build.0 = Release|Win32
		{4C4FD2E8-639B-487B-B709-0A11F19416F1}.Debug|x64.ActiveCfg = Debug|x64
		{4C4FD2E8-639B-487B-B709-0A11F19416F1}.Debug|x64.Build.0 = Debug|x64
		{4C4FD2E8-639B-487B-B709-0A11F19416F1}.Debug|x86.ActiveCfg = Debug|Win32
		{4C4FD2E8-639B-487B-B709-0A11F19416F1}.Debug|x86.Build.0 = Debug|Win32
		{4C4FD2E8-639B-487B-B709-0A11F19416F1}.Release|x64.ActiveCfg = Release|x64
		{4C4FD2E8-639B-487B-B709-0A11F19416F1}.Release|x64.Build.0 = Release|x64
		{4C4FD2E8-639B-487B-B709-0A11F19416F1}.Release|x86.ActiveCfg = Release|Win32
		{4C4FD2E8-639B-487B-B709-0A11F19416F1}.Release|x86.Build.0 = Release|Win32
		{7CCC48C8-1D98-4966-A8A9-DC2686289E88}.Debug|x64.ActiveCfg = Debug|x64
		{7CCC48C8-1D98-4966-A8A9-DC2686289E88}.Debug|x64.Build.0 = Debug|x64
		{7CCC48C8-1D98-4966-A8A9-DC2686289E88}.Debug|x86.ActiveCfg = Debug|Win32
		{7CCC48C8-1D98-4966-A8A9-DC2686289E88}.Debug|x86.Build.0 = Debug|Win32
		{7CCC48C8-1D98-4966-A8A9-DC2686289E88}.Release|x64.ActiveCfg = Release|x64
		{7CCC48C8-1D98-4966-A8A9-DC2686289E88}.Release|x64.Build.0 = Release|x64
		{7CCC48C8-1D98-4966-A8A9-DC2686289E88}.Release|x86.ActiveCfg = Release|Win32
		{7CCC48C8-1D98-4966-A8A9-DC2686289E88}.Release|x86.Build.0 = Release|Win32
		{2FCAB9DD-1172-44CC-9945-9927BDDC16BB}.Debug|x64.ActiveCfg = Debug|x64
		{2FCAB9DD-1172-44CC-9945-9927BDDC16BB}.Debug|x64.Build.0 = Debug|x64
		{2FCAB9DD-1172-44CC-9945-9927BDDC16BB}.Debug|x86.ActiveCfg = Debug|Win32
		{2FCAB9DD-1172-44CC-9945-9927BDDC16BB}.Debug|x86.Build.0 = Debug|Win32
		{2FCAB9DD-1172-44CC-9945-9927BDDC16BB}.Release|x64.ActiveCfg = Release|x64
		{2FCAB9DD-1172-44CC-9945-9927BDDC16BB}.Release|x64.Build.0 = Release|x64
		{2FCAB9DD-1172-44CC-9945-9927BDDC16BB}.Release|x86.ActiveCfg = Release|Win32
		{2FCAB9DD-1172-44CC-9945-9927BDDC16BB}.Release|x86.Build.0 = Release|Win32
		{FD160BBA-A092-4696-9B13-40B396204F72}.Debug|x64.ActiveCfg = Debug|x64
		{FD160BBA-A092-4696-9B13-40B396204F72}.Debug|x64.Build.0 = Debug|x64
		{FD160BBA-A092-4696-9B13-40B396204F72}.Debug|x86.ActiveCfg = Debug|Win32
		{FD160BBA-A092-4696-9B13-40B396204F72}.Debug|x86.Build.0 = Debug|Win32
		{FD160BBA-A092-4696-9B13-40B396204F72}.Release|x64.ActiveCfg = Release|x64
		{FD160BBA-A092-4696-9B13-40B396204F72}.Release|x64.Build.0 = Release|x64
		{FD160BBA-A092-4696-9B13-40B396204F72}.Release|x86.ActiveCfg = Release|Win32
		{FD160BBA-A092-4696-9B13-40B396204F72}.Release|x86.Build.0 = Release|Win32
		{888BD3A8-0B8C-4CDC-AE01-B76D9A73CFC3}.Debug|x64.ActiveCfg = Debug|x64
		{888BD3A8-0B8C-4CDC-AE01-B76D9A73CFC3}.Debug|x64.Build.0 = Debug|x64
		{888BD3A8-0B8C-4CDC-AE01-B76D9A73CFC3}.Debug|x86.ActiveCfg = Debug|Win32
		{888BD3A8-0B8C-4CDC-AE01-B76D9A73CFC3}.Debug|x86.Build.0 = Debug|Win32
		{888BD3A8-0B8C-4CDC-AE01-B76D9A73CFC3}.Release|x64.ActiveCfg = Release|x64
		{888BD3A8-0B8C-4CDC-AE01-B76D9A73CFC3}.Release|x64.Build.0 = Release|x64
		{888BD3A8-0B8C-4CDC-AE01-B76D9A73CFC3}.Release|x86.ActiveCfg = Release|Win32
		{888BD3A8-0B8C-4CDC-AE01-B76D9A73CFC3}.Release|x86.Build.0 = Release|Win32
		{8B7E14D0-55ED-4BD4-9F41-FFA89341DB06}.Debug|x64.ActiveCfg = Debug|x64
		{8B7E14D0-55ED-4BD4-9F41-FFA89341DB06}.Debug|x64.Build.0 = Debug|x64
		{8B7E14D0-55ED-4BD4-9F41-FFA89341DB06}.Debug|x86.ActiveCfg = Debug|Win32
		{8B7E14D0-55ED-4BD4-9F41-FFA89341DB06}.Debug|x86.Build.0 = Debug|Win32
		{8B7E14D0-55ED-4BD4-9F41-FFA89341DB06}.Release|x64.ActiveCfg = Release|x64
		{8B7E14D0-55ED-4BD4-9F41-FFA89341DB06}.Release|x64.Build.0 = Release|x64
		{8B7E14D0-55ED-4BD4-9F41-FFA89341DB06}.Release|x86.ActiveCfg = Release|Win32
		{8B7E14D0-55ED-4BD4-9F41-FFA89341DB06}.Release|x86.Build.0 = Release|Win32
		{F6520FE7-E74E-4CD6-B27D-A6F9CE18A5A0}.Debug|x64.ActiveCfg = Debug|x64
		{F6520FE7-E74E-4CD6-B27D-A6F9CE18A5A0}.Debug|x64.Build.0 = Debug|x64
		{F6520FE7-E74E-4CD6-B27D-A6F9CE18A5A0}.Debug|x86.ActiveCfg = Debug|Win32
		{F6520FE7-E74E-4CD6-B27D-A6F9CE18A5A0}.Debug|x86.Build.0 = Debug|Win32
		{F6520FE7-E74E-4CD6-B27D-A6F9CE18A5A0}.Release|x64.ActiveCfg = Release|x64
		{F6520FE7-E74E-4CD6-B27D-A6F9CE18A5A0}.Release|x64.Build.0 = Release|x64
		{F6520FE7-E74E-4CD6-B27D-A6F9CE18A5A0}.Release|x86.ActiveCfg = Release|Win32
		{F6520FE7-E74E-4CD6-B27D-A6F9CE18A5A0}.Release|x86.Build.0 = Release|Win32
		{7A422FF3-AEE9-4261-A1A4-ECA55C33CB8C}.Debug|x64.ActiveCfg = Debug|x64
		{7A422FF3-AEE9-4261-A1A4-ECA55C33CB8C}.Debug|x64.Build.0 = Debug|x64
		{7A422FF3-AEE9-4261-A1A4-ECA55C33CB8C}.Debug|x86.ActiveCfg = Debug|Win32
		{7A422FF3-AEE9-4261-A1A4-ECA55C33CB8C}.Debug|x86.Build.0 = Debug|Win32
		{7A422FF3-AEE9-4261-A1A4-ECA55C33CB8C}.Release|x64.ActiveCfg = Release|x64
		{7A422FF3-AEE9-4261-A1A4-ECA55C33CB8C}.Release|x64.Build.0 = Release|x64
		{7A422FF3-AEE9-4261-A1A4-ECA55C33CB8C}.Release|x86.ActiveCfg = Release|Win32
		{7A422FF3-AEE9-4261-A1A4-ECA55C33CB8C}.Release|x86.Build.0 = Release|Win32
		{E9F72E2F-FEA4-4A33-A0BC-AFCFCA15375D}.Debug|x64.ActiveCfg = Debug|x64
		{E9F72E2F-FEA4-4A33-A0BC-AFCFCA15375D}.Debug|x64.Build.0 = Debug|x64
		{E9F72E2F-FEA4-4A33-A0BC-AFCFCA15375D}.Debug|x86.ActiveCfg = Debug|Win32
		{E9F72E2F-FEA4-4A33-A0BC-AFCFCA15375D}.Debug|x86.Build.0 = Debug|Win32
		{E9F72E2F-FEA4-4A33-A0BC-AFCFCA15375D}.Release|x64.ActiveCfg = Release|x64
		{E9F72E2F-FEA4-4A33-A0BC-AFCFCA15375D}.Release|x64.Build.0 = Release|x64
		{E9F72E2F-FEA4-4A33-A0BC-AFCFCA15375D}.Release|x86.ActiveCfg = Release|Win32
		{E9F72E2F-FEA4-4A33-A0BC-AFCFCA15375D}.Release|x86.Build.0 = Release|Win32
		{35478F4F-5FF5-4F93-9B37-DA406C78F5F7}.Debug|x64.ActiveCfg = Debug|x64
		{35478F4F-5FF5-4F93-9B37-DA406C78F5F7}.Debug|x64.Build.0 = Debug|x64
		{35478F4F-5FF5-4F93-9B37-DA406C78F5F7}.Debug|x86.ActiveCfg = Debug|Win32
		{35478F4F-5FF5-4F93-9B37-DA406C78F5F7}.Debug|x86.Build.0 = Debug|Win32
		{35478F4F-5FF5-4F93-9B37-DA406C78F5F7}.Release|x64.ActiveCfg = Release|x64
		{35478F4F-5FF5-4F93-9B37-DA406C78F5F7}.Release|x64.Build.0 = Release|x64
		{35478F4F-5FF5-4F93-9B37-DA406C78F5F7}.Release|x86.ActiveCfg = Release|Win32
		{35478F4F-5FF5-4F93-9B37-DA406C78F5F7}.Release|x86.Build.0 = Release|Win32
		{50510E4A-133D-4B84-8183-2B5DB7BE2E97}.Debug|x64.ActiveCfg = Debug|x64
		{50510E4A-133D-4B84-8183-2B5DB7BE2E97}.Debug|x64.Build.0 = Debug|x64
		{50510E4A-133D-4B84-8183-2B5DB7BE2E97}.Debug|x86.ActiveCfg = Debug|Win32
		{50510E4A-133D-4B84-8183-2B5DB7BE2E97}.Debug|x86.Build.0 = Debug|Win32
		{50510E4A-133D-4B84-8183-2B5DB7BE2E97}.Release|x64.ActiveCfg = Release|x64
		{50510E4A-133D-4B84-8183-2B5DB7BE2E97}.Release|x64.Build.0 = Release|x64
		{50510E4A-133D-4B84-8183-2B5DB7BE2E97}.Release|x86.ActiveCfg = Release|Win32
		{50510E4A-133D-4B84-8183-2B5DB7BE2E97}.Release|x86.Build.0 = Release|Win32
		{0FB55A28-EA86-4B80-B91F-3037990093B3}.Debug|x64.ActiveCfg = Debug|x64
		{0FB55A28-EA86-4B80-B91F-3037990093B3}.Debug|x64.Build.0 = Debug|x64
		{0FB55A28-EA86-4B80-B91F-3037990093B3}.Debug|x86.ActiveCfg = Debug|Win32
		{0FB55A28-EA86-4B80-B91F-3037990093B3}.Debug|x86.Build.0 = Debug|Win32
		{0FB55A28-EA86-4B80-B91F-3037990093B3}.Release|x64.ActiveCfg = Release|x64
		{0FB55A28-EA86-4B80-B91F-3037990093B3}.Release|x64.Build.0 = Release|x64
		{0FB55A28-EA86-4B80-B91F-3037990093B3}.Release|x86.ActiveCfg = Release|Win32
		{0FB55A28-EA86-4B80-B91F-3037990093B3}.Release|x86.Build.0 = Release|Win32
	EndGlobalSection
	GlobalSection(SolutionProperties) = preSolution
		HideSolutionNode = FALSE
	EndGlobalSection
	GlobalSection(ExtensibilityGlobals) = postSolution
		SolutionGuid = {378CCC9C-D279-4F25-8A6C-C1D35837C174}
	EndGlobalSection
EndGlobal
