
Microsoft Visual Studio Solution File, Format Version 12.00
# Visual Studio 15
VisualStudioVersion = 15.0.27428.2037
MinimumVisualStudioVersion = 10.0.40219.1
Project("{8BC9CEB8-8B4A-11D0-8D11-00A0C91BC942}") = "tkf_invest_oa", "vcxproj\tkf_invest_oa.vcxproj", "{2AB01889-DA6B-4353-BD39-067B25F3461B}"
EndProject
Project("{8BC9CEB8-8B4A-11D0-8D11-00A0C91BC942}") = "example001", "vcxproj\example001.vcxproj", "{85DCFE5B-7E54-4D43-A88C-56F26B84D960}"
	ProjectSection(ProjectDependencies) = postProject
		{2AB01889-DA6B-4353-BD39-067B25F3461B} = {2AB01889-DA6B-4353-BD39-067B25F3461B}
	EndProjectSection
EndProject
Project("{8BC9CEB8-8B4A-11D0-8D11-00A0C91BC942}") = "test001", "vcxproj\test001.vcxproj", "{7CA03583-0724-4FED-9A9E-6651F35E42A9}"
	ProjectSection(ProjectDependencies) = postProject
		{2AB01889-DA6B-4353-BD39-067B25F3461B} = {2AB01889-DA6B-4353-BD39-067B25F3461B}
	EndProjectSection
EndProject
Project("{8BC9CEB8-8B4A-11D0-8D11-00A0C91BC942}") = "test002", "vcxproj\test002.vcxproj", "{2052EC34-E4D3-484B-800D-AD5A1A6F6275}"
	ProjectSection(ProjectDependencies) = postProject
		{2AB01889-DA6B-4353-BD39-067B25F3461B} = {2AB01889-DA6B-4353-BD39-067B25F3461B}
	EndProjectSection
EndProject
Project("{8BC9CEB8-8B4A-11D0-8D11-00A0C91BC942}") = "test003", "vcxproj\test003.vcxproj", "{8C012FB9-6811-45CD-8C11-349D7472A859}"
	ProjectSection(ProjectDependencies) = postProject
		{2AB01889-DA6B-4353-BD39-067B25F3461B} = {2AB01889-DA6B-4353-BD39-067B25F3461B}
	EndProjectSection
EndProject
Global
	GlobalSection(SolutionConfigurationPlatforms) = preSolution
		Debug|x64 = Debug|x64
		Debug|x86 = Debug|x86
		Release|x64 = Release|x64
		Release|x86 = Release|x86
	EndGlobalSection
	GlobalSection(ProjectConfigurationPlatforms) = postSolution
		{2AB01889-DA6B-4353-BD39-067B25F3461B}.Debug|x64.ActiveCfg = Debug|x64
		{2AB01889-DA6B-4353-BD39-067B25F3461B}.Debug|x64.Build.0 = Debug|x64
		{2AB01889-DA6B-4353-BD39-067B25F3461B}.Debug|x86.ActiveCfg = Debug|Win32
		{2AB01889-DA6B-4353-BD39-067B25F3461B}.Debug|x86.Build.0 = Debug|Win32
		{2AB01889-DA6B-4353-BD39-067B25F3461B}.Release|x64.ActiveCfg = Release|x64
		{2AB01889-DA6B-4353-BD39-067B25F3461B}.Release|x64.Build.0 = Release|x64
		{2AB01889-DA6B-4353-BD39-067B25F3461B}.Release|x86.ActiveCfg = Release|Win32
		{2AB01889-DA6B-4353-BD39-067B25F3461B}.Release|x86.Build.0 = Release|Win32
		{85DCFE5B-7E54-4D43-A88C-56F26B84D960}.Debug|x64.ActiveCfg = Debug|x64
		{85DCFE5B-7E54-4D43-A88C-56F26B84D960}.Debug|x64.Build.0 = Debug|x64
		{85DCFE5B-7E54-4D43-A88C-56F26B84D960}.Debug|x86.ActiveCfg = Debug|Win32
		{85DCFE5B-7E54-4D43-A88C-56F26B84D960}.Debug|x86.Build.0 = Debug|Win32
		{85DCFE5B-7E54-4D43-A88C-56F26B84D960}.Release|x64.ActiveCfg = Release|x64
		{85DCFE5B-7E54-4D43-A88C-56F26B84D960}.Release|x64.Build.0 = Release|x64
		{85DCFE5B-7E54-4D43-A88C-56F26B84D960}.Release|x86.ActiveCfg = Release|Win32
		{85DCFE5B-7E54-4D43-A88C-56F26B84D960}.Release|x86.Build.0 = Release|Win32
		{7CA03583-0724-4FED-9A9E-6651F35E42A9}.Debug|x64.ActiveCfg = Debug|x64
		{7CA03583-0724-4FED-9A9E-6651F35E42A9}.Debug|x64.Build.0 = Debug|x64
		{7CA03583-0724-4FED-9A9E-6651F35E42A9}.Debug|x86.ActiveCfg = Debug|Win32
		{7CA03583-0724-4FED-9A9E-6651F35E42A9}.Debug|x86.Build.0 = Debug|Win32
		{7CA03583-0724-4FED-9A9E-6651F35E42A9}.Release|x64.ActiveCfg = Release|x64
		{7CA03583-0724-4FED-9A9E-6651F35E42A9}.Release|x64.Build.0 = Release|x64
		{7CA03583-0724-4FED-9A9E-6651F35E42A9}.Release|x86.ActiveCfg = Release|Win32
		{7CA03583-0724-4FED-9A9E-6651F35E42A9}.Release|x86.Build.0 = Release|Win32
		{2052EC34-E4D3-484B-800D-AD5A1A6F6275}.Debug|x64.ActiveCfg = Debug|x64
		{2052EC34-E4D3-484B-800D-AD5A1A6F6275}.Debug|x64.Build.0 = Debug|x64
		{2052EC34-E4D3-484B-800D-AD5A1A6F6275}.Debug|x86.ActiveCfg = Debug|Win32
		{2052EC34-E4D3-484B-800D-AD5A1A6F6275}.Debug|x86.Build.0 = Debug|Win32
		{2052EC34-E4D3-484B-800D-AD5A1A6F6275}.Release|x64.ActiveCfg = Release|x64
		{2052EC34-E4D3-484B-800D-AD5A1A6F6275}.Release|x64.Build.0 = Release|x64
		{2052EC34-E4D3-484B-800D-AD5A1A6F6275}.Release|x86.ActiveCfg = Release|Win32
		{2052EC34-E4D3-484B-800D-AD5A1A6F6275}.Release|x86.Build.0 = Release|Win32
		{8C012FB9-6811-45CD-8C11-349D7472A859}.Debug|x64.ActiveCfg = Debug|x64
		{8C012FB9-6811-45CD-8C11-349D7472A859}.Debug|x64.Build.0 = Debug|x64
		{8C012FB9-6811-45CD-8C11-349D7472A859}.Debug|x86.ActiveCfg = Debug|Win32
		{8C012FB9-6811-45CD-8C11-349D7472A859}.Debug|x86.Build.0 = Debug|Win32
		{8C012FB9-6811-45CD-8C11-349D7472A859}.Release|x64.ActiveCfg = Release|x64
		{8C012FB9-6811-45CD-8C11-349D7472A859}.Release|x64.Build.0 = Release|x64
		{8C012FB9-6811-45CD-8C11-349D7472A859}.Release|x86.ActiveCfg = Release|Win32
		{8C012FB9-6811-45CD-8C11-349D7472A859}.Release|x86.Build.0 = Release|Win32
	EndGlobalSection
	GlobalSection(SolutionProperties) = preSolution
		HideSolutionNode = FALSE
	EndGlobalSection
	GlobalSection(ExtensibilityGlobals) = postSolution
		SolutionGuid = {378CCC9C-D279-4F25-8A6C-C1D35837C174}
	EndGlobalSection
EndGlobal
